
Microsoft Visual Studio Solution File, Format Version 12.00
# Visual Studio 15
VisualStudioVersion = 15.0.28307.1340
MinimumVisualStudioVersion = 10.0.40219.1
Project("{FAE04EC0-301F-11D3-BF4B-00C04F79EFBC}") = "Miranda_01", "Miranda_01\Miranda_01.csproj", "{7404992B-FCB9-484B-AADF-699A296D9934}"
EndProject
Global
	GlobalSection(SolutionConfigurationPlatforms) = preSolution
		Debug|Any CPU = Debug|Any CPU
		Release|Any CPU = Release|Any CPU
	EndGlobalSection
	GlobalSection(ProjectConfigurationPlatforms) = postSolution
		{7404992B-FCB9-484B-AADF-699A296D9934}.Debug|Any CPU.ActiveCfg = Debug|Any CPU
		{7404992B-FCB9-484B-AADF-699A296D9934}.Debug|Any CPU.Build.0 = Debug|Any CPU
		{7404992B-FCB9-484B-AADF-699A296D9934}.Release|Any CPU.ActiveCfg = Release|Any CPU
		{7404992B-FCB9-484B-AADF-699A296D9934}.Release|Any CPU.Build.0 = Release|Any CPU
	EndGlobalSection
	GlobalSection(SolutionProperties) = preSolution
		HideSolutionNode = FALSE
	EndGlobalSection
	GlobalSection(ExtensibilityGlobals) = postSolution
		SolutionGuid = {16B66469-8E80-4344-AE88-EB1D60AA5AD7}
	EndGlobalSection
EndGlobal
